
Microsoft Visual Studio Solution File, Format Version 12.00
# Visual Studio Version 17
VisualStudioVersion = 17.10.34928.147
MinimumVisualStudioVersion = 10.0.40219.1
Project("{FAE04EC0-301F-11D3-BF4B-00C04F79EFBC}") = "Algorithm", "Algorithm\Algorithm.csproj", "{0A1CD8B0-6493-4BA4-9F84-2E9339C19E55}"
EndProject
Global
	GlobalSection(SolutionConfigurationPlatforms) = preSolution
		Debug|Any CPU = Debug|Any CPU
		Release|Any CPU = Release|Any CPU
	EndGlobalSection
	GlobalSection(ProjectConfigurationPlatforms) = postSolution
		{0A1CD8B0-6493-4BA4-9F84-2E9339C19E55}.Debug|Any CPU.ActiveCfg = Debug|Any CPU
		{0A1CD8B0-6493-4BA4-9F84-2E9339C19E55}.Debug|Any CPU.Build.0 = Debug|Any CPU
		{0A1CD8B0-6493-4BA4-9F84-2E9339C19E55}.Release|Any CPU.ActiveCfg = Release|Any CPU
		{0A1CD8B0-6493-4BA4-9F84-2E9339C19E55}.Release|Any CPU.Build.0 = Release|Any CPU
	EndGlobalSection
	GlobalSection(SolutionProperties) = preSolution
		HideSolutionNode = FALSE
	EndGlobalSection
	GlobalSection(ExtensibilityGlobals) = postSolution
		SolutionGuid = {CC369BE4-A975-4E35-900C-BC96A6EEFA47}
	EndGlobalSection
EndGlobal
